# THIS IS AN AUTOGENERATED FILE. DO NOT EDIT THIS FILE DIRECTLY.
# yarn lockfile v1


balanced-match@^0.4.1:
  version "0.4.2"
  resolved "https://registry.yarnpkg.com/balanced-match/-/balanced-match-0.4.2.tgz#cb3f3e3c732dc0f01ee70b403f302e61d7709838"

brace-expansion@^1.0.0:
  version "1.1.6"
  resolved "https://registry.yarnpkg.com/brace-expansion/-/brace-expansion-1.1.6.tgz#7197d7eaa9b87e648390ea61fc66c84427420df9"
  dependencies:
    balanced-match "^0.4.1"
    concat-map "0.0.1"

commander@^2.9.0:
  version "2.9.0"
  resolved "https://registry.yarnpkg.com/commander/-/commander-2.9.0.tgz#9c99094176e12240cb22d6c5146098400fe0f7d4"
  dependencies:
    graceful-readlink ">= 1.0.0"

concat-map@0.0.1:
  version "0.0.1"
  resolved "https://registry.yarnpkg.com/concat-map/-/concat-map-0.0.1.tgz#d8a96bd77fd68df7793a73036a3ba0d5405d477b"

ensure-posix-path@^1.0.0:
  version "1.0.2"
  resolved "https://registry.yarnpkg.com/ensure-posix-path/-/ensure-posix-path-1.0.2.tgz#a65b3e42d0b71cfc585eb774f9943c8d9b91b0c2"

"graceful-readlink@>= 1.0.0":
  version "1.0.1"
  resolved "https://registry.yarnpkg.com/graceful-readlink/-/graceful-readlink-1.0.1.tgz#4cafad76bc62f02fa039b2f94e9a3dd3a391a725"

matcher-collection@^1.0.0:
  version "1.0.4"
  resolved "https://registry.yarnpkg.com/matcher-collection/-/matcher-collection-1.0.4.tgz#2f66ae0869996f29e43d0b62c83dd1d43e581755"
  dependencies:
    minimatch "^3.0.2"

minimatch@^3.0.2:
  version "3.0.3"
  resolved "https://registry.yarnpkg.com/minimatch/-/minimatch-3.0.3.tgz#2a4e4090b96b2db06a9d7df01055a62a77c9b774"
  dependencies:
    brace-expansion "^1.0.0"

walk-sync@^0.3.1:
  version "0.3.1"
  resolved "https://registry.yarnpkg.com/walk-sync/-/walk-sync-0.3.1.tgz#558a16aeac8c0db59c028b73c66f397684ece465"
  dependencies:
    ensure-posix-path "^1.0.0"
    matcher-collection "^1.0.0"
